<?xml version="1.0" encoding="utf-8"?>
<Project ToolsVersion="4.0" xmlns="http://schemas.microsoft.com/developer/msbuild/2003">
  <ItemGroup>
    <None Include="Makefile" />
    <None Include="README.md" />
    <None Include="src\special.def">
      <Filter>Private</Filter>
    </None>
  </ItemGroup>
  <ItemGroup>
    <Filter Include="Private">
      <UniqueIdentifier>{174a83dc-20ab-43e1-beb0-493767220515}</UniqueIdentifier>
    </Filter>
    <Filter Include="Public">
      <UniqueIdentifier>{5d1de652-8f3a-4bca-ae7a-99b561985095}</UniqueIdentifier>
    </Filter>
  </ItemGroup>
  <ItemGroup>
    <ClCompile Include="src\builtin.c">
      <Filter>Private</Filter>
    </ClCompile>
    <ClCompile Include="src\gsh.c">
      <Filter>Private</Filter>
    </ClCompile>
    <ClCompile Include="src\history.c">
      <Filter>Private</Filter>
    </ClCompile>
    <ClCompile Include="src\main.c" />
    <ClCompile Include="src\parse.c">
      <Filter>Private</Filter>
    </ClCompile>
  </ItemGroup>
  <ItemGroup>
    <ClInclude Include="src\builtin.h">
      <Filter>Public</Filter>
    </ClInclude>
    <ClInclude Include="src\gsh.h">
      <Filter>Public</Filter>
    </ClInclude>
    <ClInclude Include="src\history.h">
      <Filter>Public</Filter>
    </ClInclude>
    <ClInclude Include="src\process.h">
      <Filter>Public</Filter>
    </ClInclude>
    <ClInclude Include="src\parse.h">
      <Filter>Public</Filter>
    </ClInclude>
  </ItemGroup>
</Project>